
Microsoft Visual Studio Solution File, Format Version 12.00
# Visual Studio Version 16
VisualStudioVersion = 16.0.32228.343
MinimumVisualStudioVersion = 10.0.40219.1
Project("{8BC9CEB8-8B4A-11D0-8D11-00A0C91BC942}") = "Project26", "Project26\Project26.vcxproj", "{355D23F6-113C-42EE-BD1E-DB8A23442E09}"
EndProject
Global
	GlobalSection(SolutionConfigurationPlatforms) = preSolution
		Debug|x64 = Debug|x64
		Debug|x86 = Debug|x86
		Release|x64 = Release|x64
		Release|x86 = Release|x86
	EndGlobalSection
	GlobalSection(ProjectConfigurationPlatforms) = postSolution
		{355D23F6-113C-42EE-BD1E-DB8A23442E09}.Debug|x64.ActiveCfg = Debug|x64
		{355D23F6-113C-42EE-BD1E-DB8A23442E09}.Debug|x64.Build.0 = Debug|x64
		{355D23F6-113C-42EE-BD1E-DB8A23442E09}.Debug|x86.ActiveCfg = Debug|Win32
		{355D23F6-113C-42EE-BD1E-DB8A23442E09}.Debug|x86.Build.0 = Debug|Win32
		{355D23F6-113C-42EE-BD1E-DB8A23442E09}.Release|x64.ActiveCfg = Release|x64
		{355D23F6-113C-42EE-BD1E-DB8A23442E09}.Release|x64.Build.0 = Release|x64
		{355D23F6-113C-42EE-BD1E-DB8A23442E09}.Release|x86.ActiveCfg = Release|Win32
		{355D23F6-113C-42EE-BD1E-DB8A23442E09}.Release|x86.Build.0 = Release|Win32
	EndGlobalSection
	GlobalSection(SolutionProperties) = preSolution
		HideSolutionNode = FALSE
	EndGlobalSection
	GlobalSection(ExtensibilityGlobals) = postSolution
		SolutionGuid = {CD1F04FB-D541-4449-B71B-175802EF74AF}
	EndGlobalSection
EndGlobal
